Microsoft Visual Studio Solution File, Format Version 12.00
# Visual Studio Version 17
VisualStudioVersion = 17.5.2.0
MinimumVisualStudioVersion = 10.0.40219.1
Project("{FAE04EC0-301F-11D3-BF4B-00C04F79EFBC}") = "Contoso.Mail", "Contoso.Mail.csproj", "{B581F7C9-CEAF-9E60-BCBE-679E8F6ADB40}"
EndProject
Global
	GlobalSection(SolutionConfigurationPlatforms) = preSolution
		Debug|Any CPU = Debug|Any CPU
		Release|Any CPU = Release|Any CPU
	EndGlobalSection
	GlobalSection(ProjectConfigurationPlatforms) = postSolution
		{B581F7C9-CEAF-9E60-BCBE-679E8F6ADB40}.Debug|Any CPU.ActiveCfg = Debug|Any CPU
		{B581F7C9-CEAF-9E60-BCBE-679E8F6ADB40}.Debug|Any CPU.Build.0 = Debug|Any CPU
		{B581F7C9-CEAF-9E60-BCBE-679E8F6ADB40}.Release|Any CPU.ActiveCfg = Release|Any CPU
		{B581F7C9-CEAF-9E60-BCBE-679E8F6ADB40}.Release|Any CPU.Build.0 = Release|Any CPU
	EndGlobalSection
	GlobalSection(SolutionProperties) = preSolution
		HideSolutionNode = FALSE
	EndGlobalSection
	GlobalSection(ExtensibilityGlobals) = postSolution
		SolutionGuid = {3B20038E-9DD6-4CDA-9524-25E501D97FF8}
	EndGlobalSection
EndGlobal
